// !$*UTF8*$!
{
	archiveVersion = 1;
	classes = {
	};
	objectVersion = 55;
	objects = {

/* Begin PBXBuildFile section */
		FBE1B2092858DDA500281A28 /* AppDelegate.swift in Sources */ = {isa = PBXBuildFile; fileRef = FBE1B2082858DDA500281A28 /* AppDelegate.swift */; };
		FBE1B20B2858DDA500281A28 /* SceneDelegate.swift in Sources */ = {isa = PBXBuildFile; fileRef = FBE1B20A2858DDA500281A28 /* SceneDelegate.swift */; };
		FBE1B20D2858DDA500281A28 /* ViewController.swift in Sources */ = {isa = PBXBuildFile; fileRef = FBE1B20C2858DDA500281A28 /* ViewController.swift */; };
		FBE1B2102858DDA500281A28 /* Main.storyboard in Resources */ = {isa = PBXBuildFile; fileRef = FBE1B20E2858DDA500281A28 /* Main.storyboard */; };
		FBE1B2132858DDA500281A28 /* cameradisplayphototool.xcdatamodeld in Sources */ = {isa = PBXBuildFile; fileRef = FBE1B2112858DDA500281A28 /* cameradisplayphototool.xcdatamodeld */; };
		FBE1B2152858DDA600281A28 /* Assets.xcassets in Resources */ = {isa = PBXBuildFile; fileRef = FBE1B2142858DDA600281A28 /* Assets.xcassets */; };
		FBE1B2182858DDA600281A28 /* LaunchScreen.storyboard in Resources */ = {isa = PBXBuildFile; fileRef = FBE1B2162858DDA600281A28 /* LaunchScreen.storyboard */; };
		FBE1B2232858DDA600281A28 /* cameradisplayphototoolTests.swift in Sources */ = {isa = PBXBuildFile; fileRef = FBE1B2222858DDA600281A28 /* cameradisplayphototoolTests.swift */; };
		FBE1B22D2858DDA600281A28 /* cameradisplayphototoolUITests.swift in Sources */ = {isa = PBXBuildFile; fileRef = FBE1B22C2858DDA600281A28 /* cameradisplayphototoolUITests.swift */; };
		FBE1B22F2858DDA600281A28 /* cameradisplayphototoolUITestsLaunchTests.swift in Sources */ = {isa = PBXBuildFile; fileRef = FBE1B22E2858DDA600281A28 /* cameradisplayphototoolUITestsLaunchTests.swift */; };
/* End PBXBuildFile section */

/* Begin PBXContainerItemProxy section */
		FBE1B21F2858DDA600281A28 /* PBXContainerItemProxy */ = {
			isa = PBXContainerItemProxy;
			containerPortal = FBE1B1FD2858DDA500281A28 /* Project object */;
			proxyType = 1;
			remoteGlobalIDString = FBE1B2042858DDA500281A28;
			remoteInfo = cameradisplayphototool;
		};
		FBE1B2292858DDA600281A28 /* PBXContainerItemProxy */ = {
			isa = PBXContainerItemProxy;
			containerPortal = FBE1B1FD2858DDA500281A28 /* Project object */;
			proxyType = 1;
			remoteGlobalIDString = FBE1B2042858DDA500281A28;
			remoteInfo = cameradisplayphototool;
		};
/* End PBXContainerItemProxy section */

/* Begin PBXFileReference section */
		FBE1B2052858DDA500281A28 /* cameradisplayphototool.app */ = {isa = PBXFileReference; explicitFileType = wrapper.application; includeInIndex = 0; path = cameradisplayphototool.app; sourceTree = BUILT_PRODUCTS_DIR; };
		FBE1B2082858DDA500281A28 /* AppDelegate.swift */ = {isa = PBXFileReference; lastKnownFileType = sourcecode.swift; path = AppDelegate.swift; sourceTree = "<group>"; };
		FBE1B20A2858DDA500281A28 /* SceneDelegate.swift */ = {isa = PBXFileReference; lastKnownFileType = sourcecode.swift; path = SceneDelegate.swift; sourceTree = "<group>"; };
		FBE1B20C2858DDA500281A28 /* ViewController.swift */ = {isa = PBXFileReference; lastKnownFileType = sourcecode.swift; path = ViewController.swift; sourceTree = "<group>"; };
		FBE1B20F2858DDA500281A28 /* Base */ = {isa = PBXFileReference; lastKnownFileType = file.storyboard; name = Base; path = Base.lproj/Main.storyboard; sourceTree = "<group>"; };
		FBE1B2122858DDA500281A28 /* cameradisplayphototool.xcdatamodel */ = {isa = PBXFileReference; lastKnownFileType = wrapper.xcdatamodel; path = cameradisplayphototool.xcdatamodel; sourceTree = "<group>"; };
		FBE1B2142858DDA600281A28 /* Assets.xcassets */ = {isa = PBXFileReference; lastKnownFileType = folder.assetcatalog; path = Assets.xcassets; sourceTree = "<group>"; };
		FBE1B2172858DDA600281A28 /* Base */ = {isa = PBXFileReference; lastKnownFileType = file.storyboard; name = Base; path = Base.lproj/LaunchScreen.storyboard; sourceTree = "<group>"; };
		FBE1B2192858DDA600281A28 /* Info.plist */ = {isa = PBXFileReference; lastKnownFileType = text.plist.xml; path = Info.plist; sourceTree = "<group>"; };
		FBE1B21E2858DDA600281A28 /* cameradisplayphototoolTests.xctest */ = {isa = PBXFileReference; explicitFileType = wrapper.cfbundle; includeInIndex = 0; path = cameradisplayphototoolTests.xctest; sourceTree = BUILT_PRODUCTS_DIR; };
		FBE1B2222858DDA600281A28 /* cameradisplayphototoolTests.swift */ = {isa = PBXFileReference; lastKnownFileType = sourcecode.swift; path = cameradisplayphototoolTests.swift; sourceTree = "<group>"; };
		FBE1B2282858DDA600281A28 /* cameradisplayphototoolUITests.xctest */ = {isa = PBXFileReference; explicitFileType = wrapper.cfbundle; includeInIndex = 0; path = cameradisplayphototoolUITests.xctest; sourceTree = BUILT_PRODUCTS_DIR; };
		FBE1B22C2858DDA600281A28 /* cameradisplayphototoolUITests.swift */ = {isa = PBXFileReference; lastKnownFileType = sourcecode.swift; path = cameradisplayphototoolUITests.swift; sourceTree = "<group>"; };
		FBE1B22E2858DDA600281A28 /* cameradisplayphototoolUITestsLaunchTests.swift */ = {isa = PBXFileReference; lastKnownFileType = sourcecode.swift; path = cameradisplayphototoolUITestsLaunchTests.swift; sourceTree = "<group>"; };
/* End PBXFileReference section */

/* Begin PBXFrameworksBuildPhase section */
		FBE1B2022858DDA500281A28 /* Frameworks */ = {
			isa = PBXFrameworksBuildPhase;
			buildActionMask = 2147483647;
			files = (
			);
			runOnlyForDeploymentPostprocessing = 0;
		};
		FBE1B21B2858DDA600281A28 /* Frameworks */ = {
			isa = PBXFrameworksBuildPhase;
			buildActionMask = 2147483647;
			files = (
			);
			runOnlyForDeploymentPostprocessing = 0;
		};
		FBE1B2252858DDA600281A28 /* Frameworks */ = {
			isa = PBXFrameworksBuildPhase;
			buildActionMask = 2147483647;
			files = (
			);
			runOnlyForDeploymentPostprocessing = 0;
		};
/* End PBXFrameworksBuildPhase section */

/* Begin PBXGroup section */
		FBE1B1FC2858DDA500281A28 = {
			isa = PBXGroup;
			children = (
				FBE1B2072858DDA500281A28 /* cameradisplayphototool */,
				FBE1B2212858DDA600281A28 /* cameradisplayphototoolTests */,
				FBE1B22B2858DDA600281A28 /* cameradisplayphototoolUITests */,
				FBE1B2062858DDA500281A28 /* Products */,
			);
			sourceTree = "<group>";
		};
		FBE1B2062858DDA500281A28 /* Products */ = {
			isa = PBXGroup;
			children = (
				FBE1B2052858DDA500281A28 /* cameradisplayphototool.app */,
				FBE1B21E2858DDA600281A28 /* cameradisplayphototoolTests.xctest */,
				FBE1B2282858DDA600281A28 /* cameradisplayphototoolUITests.xctest */,
			);
			name = Products;
			sourceTree = "<group>";
		};
		FBE1B2072858DDA500281A28 /* cameradisplayphototool */ = {
			isa = PBXGroup;
			children = (
				FBE1B2082858DDA500281A28 /* AppDelegate.swift */,
				FBE1B20A2858DDA500281A28 /* SceneDelegate.swift */,
				FBE1B20C2858DDA500281A28 /* ViewController.swift */,
				FBE1B20E2858DDA500281A28 /* Main.storyboard */,
				FBE1B2142858DDA600281A28 /* Assets.xcassets */,
				FBE1B2162858DDA600281A28 /* LaunchScreen.storyboard */,
				FBE1B2192858DDA600281A28 /* Info.plist */,
				FBE1B2112858DDA500281A28 /* cameradisplayphototool.xcdatamodeld */,
			);
			path = cameradisplayphototool;
			sourceTree = "<group>";
		};
		FBE1B2212858DDA600281A28 /* cameradisplayphototoolTests */ = {
			isa = PBXGroup;
			children = (
				FBE1B2222858DDA600281A28 /* cameradisplayphototoolTests.swift */,
			);
			path = cameradisplayphototoolTests;
			sourceTree = "<group>";
		};
		FBE1B22B2858DDA600281A28 /* cameradisplayphototoolUITests */ = {
			isa = PBXGroup;
			children = (
				FBE1B22C2858DDA600281A28 /* cameradisplayphototoolUITests.swift */,
				FBE1B22E2858DDA600281A28 /* cameradisplayphototoolUITestsLaunchTests.swift */,
			);
			path = cameradisplayphototoolUITests;
			sourceTree = "<group>";
		};
/* End PBXGroup section */

/* Begin PBXNativeTarget section */
		FBE1B2042858DDA500281A28 /* cameradisplayphototool */ = {
			isa = PBXNativeTarget;
			buildConfigurationList = FBE1B2322858DDA700281A28 /* Build configuration list for PBXNativeTarget "cameradisplayphototool" */;
			buildPhases = (
				FBE1B2012858DDA500281A28 /* Sources */,
				FBE1B2022858DDA500281A28 /* Frameworks */,
				FBE1B2032858DDA500281A28 /* Resources */,
			);
			buildRules = (
			);
			dependencies = (
			);
			name = cameradisplayphototool;
			productName = cameradisplayphototool;
			productReference = FBE1B2052858DDA500281A28 /* cameradisplayphototool.app */;
			productType = "com.apple.product-type.application";
		};
		FBE1B21D2858DDA600281A28 /* cameradisplayphototoolTests */ = {
			isa = PBXNativeTarget;
			buildConfigurationList = FBE1B2352858DDA700281A28 /* Build configuration list for PBXNativeTarget "cameradisplayphototoolTests" */;
			buildPhases = (
				FBE1B21A2858DDA600281A28 /* Sources */,
				FBE1B21B2858DDA600281A28 /* Frameworks */,
				FBE1B21C2858DDA600281A28 /* Resources */,
			);
			buildRules = (
			);
			dependencies = (
				FBE1B2202858DDA600281A28 /* PBXTargetDependency */,
			);
			name = cameradisplayphototoolTests;
			productName = cameradisplayphototoolTests;
			productReference = FBE1B21E2858DDA600281A28 /* cameradisplayphototoolTests.xctest */;
			productType = "com.apple.product-type.bundle.unit-test";
		};
		FBE1B2272858DDA600281A28 /* cameradisplayphototoolUITests */ = {
			isa = PBXNativeTarget;
			buildConfigurationList = FBE1B2382858DDA700281A28 /* Build configuration list for PBXNativeTarget "cameradisplayphototoolUITests" */;
			buildPhases = (
				FBE1B2242858DDA600281A28 /* Sources */,
				FBE1B2252858DDA600281A28 /* Frameworks */,
				FBE1B2262858DDA600281A28 /* Resources */,
			);
			buildRules = (
			);
			dependencies = (
				FBE1B22A2858DDA600281A28 /* PBXTargetDependency */,
			);
			name = cameradisplayphototoolUITests;
			productName = cameradisplayphototoolUITests;
			productReference = FBE1B2282858DDA600281A28 /* cameradisplayphototoolUITests.xctest */;
			productType = "com.apple.product-type.bundle.ui-testing";
		};
/* End PBXNativeTarget section */

/* Begin PBXProject section */
		FBE1B1FD2858DDA500281A28 /* Project object */ = {
			isa = PBXProject;
			attributes = {
				BuildIndependentTargetsInParallel = 1;
				LastSwiftUpdateCheck = 1320;
				LastUpgradeCheck = 1320;
				TargetAttributes = {
					FBE1B2042858DDA500281A28 = {
						CreatedOnToolsVersion = 13.2;
					};
					FBE1B21D2858DDA600281A28 = {
						CreatedOnToolsVersion = 13.2;
						TestTargetID = FBE1B2042858DDA500281A28;
					};
					FBE1B2272858DDA600281A28 = {
						CreatedOnToolsVersion = 13.2;
						TestTargetID = FBE1B2042858DDA500281A28;
					};
				};
			};
			buildConfigurationList = FBE1B2002858DDA500281A28 /* Build configuration list for PBXProject "cameradisplayphototool" */;
			compatibilityVersion = "Xcode 13.0";
			developmentRegion = en;
			hasScannedForEncodings = 0;
			knownRegions = (
				en,
				Base,
			);
			mainGroup = FBE1B1FC2858DDA500281A28;
			productRefGroup = FBE1B2062858DDA500281A28 /* Products */;
			projectDirPath = "";
			projectRoot = "";
			targets = (
				FBE1B2042858DDA500281A28 /* cameradisplayphototool */,
				FBE1B21D2858DDA600281A28 /* cameradisplayphototoolTests */,
				FBE1B2272858DDA600281A28 /* cameradisplayphototoolUITests */,
			);
		};
/* End PBXProject section */

/* Begin PBXResourcesBuildPhase section */
		FBE1B2032858DDA500281A28 /* Resources */ = {
			isa = PBXResourcesBuildPhase;
			buildActionMask = 2147483647;
			files = (
				FBE1B2182858DDA600281A28 /* LaunchScreen.storyboard in Resources */,
				FBE1B2152858DDA600281A28 /* Assets.xcassets in Resources */,
				FBE1B2102858DDA500281A28 /* Main.storyboard in Resources */,
			);
			runOnlyForDeploymentPostprocessing = 0;
		};
		FBE1B21C2858DDA600281A28 /* Resources */ = {
			isa = PBXResourcesBuildPhase;
			buildActionMask = 2147483647;
			files = (
			);
			runOnlyForDeploymentPostprocessing = 0;
		};
		FBE1B2262858DDA600281A28 /* Resources */ = {
			isa = PBXResourcesBuildPhase;
			buildActionMask = 2147483647;
			files = (
			);
			runOnlyForDeploymentPostprocessing = 0;
		};
/* End PBXResourcesBuildPhase section */

/* Begin PBXSourcesBuildPhase section */
		FBE1B2012858DDA500281A28 /* Sources */ = {
			isa = PBXSourcesBuildPhase;
			buildActionMask = 2147483647;
			files = (
				FBE1B20D2858DDA500281A28 /* ViewController.swift in Sources */,
				FBE1B2092858DDA500281A28 /* AppDelegate.swift in Sources */,
				FBE1B2132858DDA500281A28 /* cameradisplayphototool.xcdatamodeld in Sources */,
				FBE1B20B2858DDA500281A28 /* SceneDelegate.swift in Sources */,
			);
			runOnlyForDeploymentPostprocessing = 0;
		};
		FBE1B21A2858DDA600281A28 /* Sources */ = {
			isa = PBXSourcesBuildPhase;
			buildActionMask = 2147483647;
			files = (
				FBE1B2232858DDA600281A28 /* cameradisplayphototoolTests.swift in Sources */,
			);
			runOnlyForDeploymentPostprocessing = 0;
		};
		FBE1B2242858DDA600281A28 /* Sources */ = {
			isa = PBXSourcesBuildPhase;
			buildActionMask = 2147483647;
			files = (
				FBE1B22D2858DDA600281A28 /* cameradisplayphototoolUITests.swift in Sources */,
				FBE1B22F2858DDA600281A28 /* cameradisplayphototoolUITestsLaunchTests.swift in Sources */,
			);
			runOnlyForDeploymentPostprocessing = 0;
		};
/* End PBXSourcesBuildPhase section */

/* Begin PBXTargetDependency section */
		FBE1B2202858DDA600281A28 /* PBXTargetDependency */ = {
			isa = PBXTargetDependency;
			target = FBE1B2042858DDA500281A28 /* cameradisplayphototool */;
			targetProxy = FBE1B21F2858DDA600281A28 /* PBXContainerItemProxy */;
		};
		FBE1B22A2858DDA600281A28 /* PBXTargetDependency */ = {
			isa = PBXTargetDependency;
			target = FBE1B2042858DDA500281A28 /* cameradisplayphototool */;
			targetProxy = FBE1B2292858DDA600281A28 /* PBXContainerItemProxy */;
		};
/* End PBXTargetDependency section */

/* Begin PBXVariantGroup section */
		FBE1B20E2858DDA500281A28 /* Main.storyboard */ = {
			isa = PBXVariantGroup;
			children = (
				FBE1B20F2858DDA500281A28 /* Base */,
			);
			name = Main.storyboard;
			sourceTree = "<group>";
		};
		FBE1B2162858DDA600281A28 /* LaunchScreen.storyboard */ = {
			isa = PBXVariantGroup;
			children = (
				FBE1B2172858DDA600281A28 /* Base */,
			);
			name = LaunchScreen.storyboard;
			sourceTree = "<group>";
		};
/* End PBXVariantGroup section */

/* Begin XCBuildConfiguration section */
		FBE1B2302858DDA700281A28 /* Debug */ = {
			isa = XCBuildConfiguration;
			buildSettings = {
				ALWAYS_SEARCH_USER_PATHS = NO;
				CLANG_ANALYZER_NONNULL = YES;
				CLANG_ANALYZER_NUMBER_OBJECT_CONVERSION = YES_AGGRESSIVE;
				CLANG_CXX_LANGUAGE_STANDARD = "gnu++17";
				CLANG_CXX_LIBRARY = "libc++";
				CLANG_ENABLE_MODULES = YES;
				CLANG_ENABLE_OBJC_ARC = YES;
				CLANG_ENABLE_OBJC_WEAK = YES;
				CLANG_WARN_BLOCK_CAPTURE_AUTORELEASING = YES;
				CLANG_WARN_BOOL_CONVERSION = YES;
				CLANG_WARN_COMMA = YES;
				CLANG_WARN_CONSTANT_CONVERSION = YES;
				CLANG_WARN_DEPRECATED_OBJC_IMPLEMENTATIONS = YES;
				CLANG_WARN_DIRECT_OBJC_ISA_USAGE = YES_ERROR;
				CLANG_WARN_DOCUMENTATION_COMMENTS = YES;
				CLANG_WARN_EMPTY_BODY = YES;
				CLANG_WARN_ENUM_CONVERSION = YES;
				CLANG_WARN_INFINITE_RECURSION = YES;
				CLANG_WARN_INT_CONVERSION = YES;
				CLANG_WARN_NON_LITERAL_NULL_CONVERSION = YES;
				CLANG_WARN_OBJC_IMPLICIT_RETAIN_SELF = YES;
				CLANG_WARN_OBJC_LITERAL_CONVERSION = YES;
				CLANG_WARN_OBJC_ROOT_CLASS = YES_ERROR;
				CLANG_WARN_QUOTED_INCLUDE_IN_FRAMEWORK_HEADER = YES;
				CLANG_WARN_RANGE_LOOP_ANALYSIS = YES;
				CLANG_WARN_STRICT_PROTOTYPES = YES;
				CLANG_WARN_SUSPICIOUS_MOVE = YES;
				CLANG_WARN_UNGUARDED_AVAILABILITY = YES_AGGRESSIVE;
				CLANG_WARN_UNREACHABLE_CODE = YES;
				CLANG_WARN__DUPLICATE_METHOD_MATCH = YES;
				COPY_PHASE_STRIP = NO;
				DEBUG_INFORMATION_FORMAT = dwarf;
				ENABLE_STRICT_OBJC_MSGSEND = YES;
				ENABLE_TESTABILITY = YES;
				GCC_C_LANGUAGE_STANDARD = gnu11;
				GCC_DYNAMIC_NO_PIC = NO;
				GCC_NO_COMMON_BLOCKS = YES;
				GCC_OPTIMIZATION_LEVEL = 0;
				GCC_PREPROCESSOR_DEFINITIONS = (
					"DEBUG=1",
					"$(inherited)",
				);
				GCC_WARN_64_TO_32_BIT_CONVERSION = YES;
				GCC_WARN_ABOUT_RETURN_TYPE = YES_ERROR;
				GCC_WARN_UNDECLARED_SELECTOR = YES;
				GCC_WARN_UNINITIALIZED_AUTOS = YES_AGGRESSIVE;
				GCC_WARN_UNUSED_FUNCTION = YES;
				GCC_WARN_UNUSED_VARIABLE = YES;
				IPHONEOS_DEPLOYMENT_TARGET = 15.2;
				MTL_ENABLE_DEBUG_INFO = INCLUDE_SOURCE;
				MTL_FAST_MATH = YES;
				ONLY_ACTIVE_ARCH = YES;
				SDKROOT = iphoneos;
				SWIFT_ACTIVE_COMPILATION_CONDITIONS = DEBUG;
				SWIFT_OPTIMIZATION_LEVEL = "-Onone";
			};
			name = Debug;
		};
		FBE1B2312858DDA700281A28 /* Release */ = {
			isa = XCBuildConfiguration;
			buildSettings = {
				ALWAYS_SEARCH_USER_PATHS = NO;
				CLANG_ANALYZER_NONNULL = YES;
				CLANG_ANALYZER_NUMBER_OBJECT_CONVERSION = YES_AGGRESSIVE;
				CLANG_CXX_LANGUAGE_STANDARD = "gnu++17";
				CLANG_CXX_LIBRARY = "libc++";
				CLANG_ENABLE_MODULES = YES;
				CLANG_ENABLE_OBJC_ARC = YES;
				CLANG_ENABLE_OBJC_WEAK = YES;
				CLANG_WARN_BLOCK_CAPTURE_AUTORELEASING = YES;
				CLANG_WARN_BOOL_CONVERSION = YES;
				CLANG_WARN_COMMA = YES;
				CLANG_WARN_CONSTANT_CONVERSION = YES;
				CLANG_WARN_DEPRECATED_OBJC_IMPLEMENTATIONS = YES;
				CLANG_WARN_DIRECT_OBJC_ISA_USAGE = YES_ERROR;
				CLANG_WARN_DOCUMENTATION_COMMENTS = YES;
				CLANG_WARN_EMPTY_BODY = YES;
				CLANG_WARN_ENUM_CONVERSION = YES;
				CLANG_WARN_INFINITE_RECURSION = YES;
				CLANG_WARN_INT_CONVERSION = YES;
				CLANG_WARN_NON_LITERAL_NULL_CONVERSION = YES;
				CLANG_WARN_OBJC_IMPLICIT_RETAIN_SELF = YES;
				CLANG_WARN_OBJC_LITERAL_CONVERSION = YES;
				CLANG_WARN_OBJC_ROOT_CLASS = YES_ERROR;
				CLANG_WARN_QUOTED_INCLUDE_IN_FRAMEWORK_HEADER = YES;
				CLANG_WARN_RANGE_LOOP_ANALYSIS = YES;
				CLANG_WARN_STRICT_PROTOTYPES = YES;
				CLANG_WARN_SUSPICIOUS_MOVE = YES;
				CLANG_WARN_UNGUARDED_AVAILABILITY = YES_AGGRESSIVE;
				CLANG_WARN_UNREACHABLE_CODE = YES;
				CLANG_WARN__DUPLICATE_METHOD_MATCH = YES;
				COPY_PHASE_STRIP = NO;
				DEBUG_INFORMATION_FORMAT = "dwarf-with-dsym";
				ENABLE_NS_ASSERTIONS = NO;
				ENABLE_STRICT_OBJC_MSGSEND = YES;
				GCC_C_LANGUAGE_STANDARD = gnu11;
				GCC_NO_COMMON_BLOCKS = YES;
				GCC_WARN_64_TO_32_BIT_CONVERSION = YES;
				GCC_WARN_ABOUT_RETURN_TYPE = YES_ERROR;
				GCC_WARN_UNDECLARED_SELECTOR = YES;
				GCC_WARN_UNINITIALIZED_AUTOS = YES_AGGRESSIVE;
				GCC_WARN_UNUSED_FUNCTION = YES;
				GCC_WARN_UNUSED_VARIABLE = YES;
				IPHONEOS_DEPLOYMENT_TARGET = 15.2;
				MTL_ENABLE_DEBUG_INFO = NO;
				MTL_FAST_MATH = YES;
				SDKROOT = iphoneos;
				SWIFT_COMPILATION_MODE = wholemodule;
				SWIFT_OPTIMIZATION_LEVEL = "-O";
				VALIDATE_PRODUCT = YES;
			};
			name = Release;
		};
		FBE1B2332858DDA700281A28 /* Debug */ = {
			isa = XCBuildConfiguration;
			buildSettings = {
				ASSETCATALOG_COMPILER_APPICON_NAME = AppIcon;
				ASSETCATALOG_COMPILER_GLOBAL_ACCENT_COLOR_NAME = AccentColor;
				CODE_SIGN_STYLE = Automatic;
				CURRENT_PROJECT_VERSION = 1;
				DEVELOPMENT_TEAM = WWML3ZF2MG;
				GENERATE_INFOPLIST_FILE = YES;
				INFOPLIST_FILE = cameradisplayphototool/Info.plist;
				INFOPLIST_KEY_UIApplicationSupportsIndirectInputEvents = YES;
				INFOPLIST_KEY_UILaunchStoryboardName = LaunchScreen;
				INFOPLIST_KEY_UIMainStoryboardFile = Main;
				INFOPLIST_KEY_UISupportedInterfaceOrientations_iPad = "UIInterfaceOrientationPortrait UIInterfaceOrientationPortraitUpsideDown UIInterfaceOrientationLandscapeLeft UIInterfaceOrientationLandscapeRight";
				INFOPLIST_KEY_UISupportedInterfaceOrientations_iPhone = "UIInterfaceOrientationPortrait UIInterfaceOrientationLandscapeLeft UIInterfaceOrientationLandscapeRight";
				LD_RUNPATH_SEARCH_PATHS = (
					"$(inherited)",
					"@executable_path/Frameworks",
				);
				MARKETING_VERSION = 1.0;
				PRODUCT_BUNDLE_IDENTIFIER = MishaOberoi.cameradisplayphototool;
				PRODUCT_NAME = "$(TARGET_NAME)";
				SWIFT_EMIT_LOC_STRINGS = YES;
				SWIFT_VERSION = 5.0;
				TARGETED_DEVICE_FAMILY = "1,2";
			};
			name = Debug;
		};
		FBE1B2342858DDA700281A28 /* Release */ = {
			isa = XCBuildConfiguration;
			buildSettings = {
				ASSETCATALOG_COMPILER_APPICON_NAME = AppIcon;
				ASSETCATALOG_COMPILER_GLOBAL_ACCENT_COLOR_NAME = AccentColor;
				CODE_SIGN_STYLE = Automatic;
				CURRENT_PROJECT_VERSION = 1;
				DEVELOPMENT_TEAM = WWML3ZF2MG;
				GENERATE_INFOPLIST_FILE = YES;
				INFOPLIST_FILE = cameradisplayphototool/Info.plist;
				INFOPLIST_KEY_UIApplicationSupportsIndirectInputEvents = YES;
				INFOPLIST_KEY_UILaunchStoryboardName = LaunchScreen;
				INFOPLIST_KEY_UIMainStoryboardFile = Main;
				INFOPLIST_KEY_UISupportedInterfaceOrientations_iPad = "UIInterfaceOrientationPortrait UIInterfaceOrientationPortraitUpsideDown UIInterfaceOrientationLandscapeLeft UIInterfaceOrientationLandscapeRight";
				INFOPLIST_KEY_UISupportedInterfaceOrientations_iPhone = "UIInterfaceOrientationPortrait UIInterfaceOrientationLandscapeLeft UIInterfaceOrientationLandscapeRight";
				LD_RUNPATH_SEARCH_PATHS = (
					"$(inherited)",
					"@executable_path/Frameworks",
				);
				MARKETING_VERSION = 1.0;
				PRODUCT_BUNDLE_IDENTIFIER = MishaOberoi.cameradisplayphototool;
				PRODUCT_NAME = "$(TARGET_NAME)";
				SWIFT_EMIT_LOC_STRINGS = YES;
				SWIFT_VERSION = 5.0;
				TARGETED_DEVICE_FAMILY = "1,2";
			};
			name = Release;
		};
		FBE1B2362858DDA700281A28 /* Debug */ = {
			isa = XCBuildConfiguration;
			buildSettings = {
				ALWAYS_EMBED_SWIFT_STANDARD_LIBRARIES = YES;
				BUNDLE_LOADER = "$(TEST_HOST)";
				CODE_SIGN_STYLE = Automatic;
				CURRENT_PROJECT_VERSION = 1;
				DEVELOPMENT_TEAM = WWML3ZF2MG;
				GENERATE_INFOPLIST_FILE = YES;
				IPHONEOS_DEPLOYMENT_TARGET = 15.2;
				MARKETING_VERSION = 1.0;
				PRODUCT_BUNDLE_IDENTIFIER = MishaOberoi.cameradisplayphototoolTests;
				PRODUCT_NAME = "$(TARGET_NAME)";
				SWIFT_EMIT_LOC_STRINGS = NO;
				SWIFT_VERSION = 5.0;
				TARGETED_DEVICE_FAMILY = "1,2";
				TEST_HOST = "$(BUILT_PRODUCTS_DIR)/cameradisplayphototool.app/cameradisplayphototool";
			};
			name = Debug;
		};
		FBE1B2372858DDA700281A28 /* Release */ = {
			isa = XCBuildConfiguration;
			buildSettings = {
				ALWAYS_EMBED_SWIFT_STANDARD_LIBRARIES = YES;
				BUNDLE_LOADER = "$(TEST_HOST)";
				CODE_SIGN_STYLE = Automatic;
				CURRENT_PROJECT_VERSION = 1;
				DEVELOPMENT_TEAM = WWML3ZF2MG;
				GENERATE_INFOPLIST_FILE = YES;
				IPHONEOS_DEPLOYMENT_TARGET = 15.2;
				MARKETING_VERSION = 1.0;
				PRODUCT_BUNDLE_IDENTIFIER = MishaOberoi.cameradisplayphototoolTests;
				PRODUCT_NAME = "$(TARGET_NAME)";
				SWIFT_EMIT_LOC_STRINGS = NO;
				SWIFT_VERSION = 5.0;
				TARGETED_DEVICE_FAMILY = "1,2";
				TEST_HOST = "$(BUILT_PRODUCTS_DIR)/cameradisplayphototool.app/cameradisplayphototool";
			};
			name = Release;
		};
		FBE1B2392858DDA700281A28 /* Debug */ = {
			isa = XCBuildConfiguration;
			buildSettings = {
				ALWAYS_EMBED_SWIFT_STANDARD_LIBRARIES = YES;
				CODE_SIGN_STYLE = Automatic;
				CURRENT_PROJECT_VERSION = 1;
				DEVELOPMENT_TEAM = WWML3ZF2MG;
				GENERATE_INFOPLIST_FILE = YES;
				MARKETING_VERSION = 1.0;
				PRODUCT_BUNDLE_IDENTIFIER = MishaOberoi.cameradisplayphototoolUITests;
				PRODUCT_NAME = "$(TARGET_NAME)";
				SWIFT_EMIT_LOC_STRINGS = NO;
				SWIFT_VERSION = 5.0;
				TARGETED_DEVICE_FAMILY = "1,2";
				TEST_TARGET_NAME = cameradisplayphototool;
			};
			name = Debug;
		};
		FBE1B23A2858DDA700281A28 /* Release */ = {
			isa = XCBuildConfiguration;
			buildSettings = {
				ALWAYS_EMBED_SWIFT_STANDARD_LIBRARIES = YES;
				CODE_SIGN_STYLE = Automatic;
				CURRENT_PROJECT_VERSION = 1;
				DEVELOPMENT_TEAM = WWML3ZF2MG;
				GENERATE_INFOPLIST_FILE = YES;
				MARKETING_VERSION = 1.0;
				PRODUCT_BUNDLE_IDENTIFIER = MishaOberoi.cameradisplayphototoolUITests;
				PRODUCT_NAME = "$(TARGET_NAME)";
				SWIFT_EMIT_LOC_STRINGS = NO;
				SWIFT_VERSION = 5.0;
				TARGETED_DEVICE_FAMILY = "1,2";
				TEST_TARGET_NAME = cameradisplayphototool;
			};
			name = Release;
		};
/* End XCBuildConfiguration section */

/* Begin XCConfigurationList section */
		FBE1B2002858DDA500281A28 /* Build configuration list for PBXProject "cameradisplayphototool" */ = {
			isa = XCConfigurationList;
			buildConfigurations = (
				FBE1B2302858DDA700281A28 /* Debug */,
				FBE1B2312858DDA700281A28 /* Release */,
			);
			defaultConfigurationIsVisible = 0;
			defaultConfigurationName = Release;
		};
		FBE1B2322858DDA700281A28 /* Build configuration list for PBXNativeTarget "cameradisplayphototool" */ = {
			isa = XCConfigurationList;
			buildConfigurations = (
				FBE1B2332858DDA700281A28 /* Debug */,
				FBE1B2342858DDA700281A28 /* Release */,
			);
			defaultConfigurationIsVisible = 0;
			defaultConfigurationName = Release;
		};
		FBE1B2352858DDA700281A28 /* Build configuration list for PBXNativeTarget "cameradisplayphototoolTests" */ = {
			isa = XCConfigurationList;
			buildConfigurations = (
				FBE1B2362858DDA700281A28 /* Debug */,
				FBE1B2372858DDA700281A28 /* Release */,
			);
			defaultConfigurationIsVisible = 0;
			defaultConfigurationName = Release;
		};
		FBE1B2382858DDA700281A28 /* Build configuration list for PBXNativeTarget "cameradisplayphototoolUITests" */ = {
			isa = XCConfigurationList;
			buildConfigurations = (
				FBE1B2392858DDA700281A28 /* Debug */,
				FBE1B23A2858DDA700281A28 /* Release */,
			);
			defaultConfigurationIsVisible = 0;
			defaultConfigurationName = Release;
		};
/* End XCConfigurationList section */

/* Begin XCVersionGroup section */
		FBE1B2112858DDA500281A28 /* cameradisplayphototool.xcdatamodeld */ = {
			isa = XCVersionGroup;
			children = (
				FBE1B2122858DDA500281A28 /* cameradisplayphototool.xcdatamodel */,
			);
			currentVersion = FBE1B2122858DDA500281A28 /* cameradisplayphototool.xcdatamodel */;
			path = cameradisplayphototool.xcdatamodeld;
			sourceTree = "<group>";
			versionGroupType = wrapper.xcdatamodel;
		};
/* End XCVersionGroup section */
	};
	rootObject = FBE1B1FD2858DDA500281A28 /* Project object */;
}
